// !$*UTF8*$!
{
	archiveVersion = 1;
	classes = {
	};
	objectVersion = 56;
	objects = {

/* Begin PBXBuildFile section */
		48AE5AFE2B7A5449005DAA3B /* NetworkManager.swift in Sources */ = {isa = PBXBuildFile; fileRef = 48AE5AFD2B7A5449005DAA3B /* NetworkManager.swift */; };
		48AE5B002B7A567A005DAA3B /* PostData.swift in Sources */ = {isa = PBXBuildFile; fileRef = 48AE5AFF2B7A567A005DAA3B /* PostData.swift */; };
		48DDC6C72B79031A00881B0D /* H4XOR_newsApp.swift in Sources */ = {isa = PBXBuildFile; fileRef = 48DDC6C62B79031A00881B0D /* H4XOR_newsApp.swift */; };
		48DDC6C92B79031A00881B0D /* ContentView.swift in Sources */ = {isa = PBXBuildFile; fileRef = 48DDC6C82B79031A00881B0D /* ContentView.swift */; };
		48DDC6CB2B79031D00881B0D /* Assets.xcassets in Resources */ = {isa = PBXBuildFile; fileRef = 48DDC6CA2B79031D00881B0D /* Assets.xcassets */; };
		48DDC6CE2B79031D00881B0D /* Preview Assets.xcassets in Resources */ = {isa = PBXBuildFile; fileRef = 48DDC6CD2B79031D00881B0D /* Preview Assets.xcassets */; };
		48FE79DD2B80449200A60991 /* DetailView.swift in Sources */ = {isa = PBXBuildFile; fileRef = 48FE79DC2B80449200A60991 /* DetailView.swift */; };
		48FE79DF2B804C5D00A60991 /* WebView.swift in Sources */ = {isa = PBXBuildFile; fileRef = 48FE79DE2B804C5C00A60991 /* WebView.swift */; };
/* End PBXBuildFile section */

/* Begin PBXFileReference section */
		48AE5AFD2B7A5449005DAA3B /* NetworkManager.swift */ = {isa = PBXFileReference; lastKnownFileType = sourcecode.swift; path = NetworkManager.swift; sourceTree = "<group>"; };
		48AE5AFF2B7A567A005DAA3B /* PostData.swift */ = {isa = PBXFileReference; lastKnownFileType = sourcecode.swift; path = PostData.swift; sourceTree = "<group>"; };
		48DDC6C32B79031A00881B0D /* H4XOR news.app */ = {isa = PBXFileReference; explicitFileType = wrapper.application; includeInIndex = 0; path = "H4XOR news.app"; sourceTree = BUILT_PRODUCTS_DIR; };
		48DDC6C62B79031A00881B0D /* H4XOR_newsApp.swift */ = {isa = PBXFileReference; lastKnownFileType = sourcecode.swift; path = H4XOR_newsApp.swift; sourceTree = "<group>"; };
		48DDC6C82B79031A00881B0D /* ContentView.swift */ = {isa = PBXFileReference; lastKnownFileType = sourcecode.swift; path = ContentView.swift; sourceTree = "<group>"; };
		48DDC6CA2B79031D00881B0D /* Assets.xcassets */ = {isa = PBXFileReference; lastKnownFileType = folder.assetcatalog; path = Assets.xcassets; sourceTree = "<group>"; };
		48DDC6CD2B79031D00881B0D /* Preview Assets.xcassets */ = {isa = PBXFileReference; lastKnownFileType = folder.assetcatalog; path = "Preview Assets.xcassets"; sourceTree = "<group>"; };
		48FE79DC2B80449200A60991 /* DetailView.swift */ = {isa = PBXFileReference; lastKnownFileType = sourcecode.swift; path = DetailView.swift; sourceTree = "<group>"; };
		48FE79DE2B804C5C00A60991 /* WebView.swift */ = {isa = PBXFileReference; lastKnownFileType = sourcecode.swift; path = WebView.swift; sourceTree = "<group>"; };
/* End PBXFileReference section */

/* Begin PBXFrameworksBuildPhase section */
		48DDC6C02B79031A00881B0D /* Frameworks */ = {
			isa = PBXFrameworksBuildPhase;
			buildActionMask = 2147483647;
			files = (
			);
			runOnlyForDeploymentPostprocessing = 0;
		};
/* End PBXFrameworksBuildPhase section */

/* Begin PBXGroup section */
		48AE5AFC2B7A5426005DAA3B /* Models */ = {
			isa = PBXGroup;
			children = (
				48AE5AFD2B7A5449005DAA3B /* NetworkManager.swift */,
				48AE5AFF2B7A567A005DAA3B /* PostData.swift */,
			);
			path = Models;
			sourceTree = "<group>";
		};
		48DDC6BA2B79031A00881B0D = {
			isa = PBXGroup;
			children = (
				48DDC6C52B79031A00881B0D /* H4XOR news */,
				48DDC6C42B79031A00881B0D /* Products */,
			);
			sourceTree = "<group>";
		};
		48DDC6C42B79031A00881B0D /* Products */ = {
			isa = PBXGroup;
			children = (
				48DDC6C32B79031A00881B0D /* H4XOR news.app */,
			);
			name = Products;
			sourceTree = "<group>";
		};
		48DDC6C52B79031A00881B0D /* H4XOR news */ = {
			isa = PBXGroup;
			children = (
				48DDC6C62B79031A00881B0D /* H4XOR_newsApp.swift */,
				48FE79DB2B80447B00A60991 /* View */,
				48AE5AFC2B7A5426005DAA3B /* Models */,
				48DDC6CA2B79031D00881B0D /* Assets.xcassets */,
				48DDC6CC2B79031D00881B0D /* Preview Content */,
			);
			path = "H4XOR news";
			sourceTree = "<group>";
		};
		48DDC6CC2B79031D00881B0D /* Preview Content */ = {
			isa = PBXGroup;
			children = (
				48DDC6CD2B79031D00881B0D /* Preview Assets.xcassets */,
			);
			path = "Preview Content";
			sourceTree = "<group>";
		};
		48FE79DB2B80447B00A60991 /* View */ = {
			isa = PBXGroup;
			children = (
				48DDC6C82B79031A00881B0D /* ContentView.swift */,
				48FE79DC2B80449200A60991 /* DetailView.swift */,
				48FE79DE2B804C5C00A60991 /* WebView.swift */,
			);
			path = View;
			sourceTree = "<group>";
		};
/* End PBXGroup section */

/* Begin PBXNativeTarget section */
		48DDC6C22B79031A00881B0D /* H4XOR news */ = {
			isa = PBXNativeTarget;
			buildConfigurationList = 48DDC6D12B79031D00881B0D /* Build configuration list for PBXNativeTarget "H4XOR news" */;
			buildPhases = (
				48DDC6BF2B79031A00881B0D /* Sources */,
				48DDC6C02B79031A00881B0D /* Frameworks */,
				48DDC6C12B79031A00881B0D /* Resources */,
			);
			buildRules = (
			);
			dependencies = (
			);
			name = "H4XOR news";
			productName = "H4XOR news";
			productReference = 48DDC6C32B79031A00881B0D /* H4XOR news.app */;
			productType = "com.apple.product-type.application";
		};
/* End PBXNativeTarget section */

/* Begin PBXProject section */
		48DDC6BB2B79031A00881B0D /* Project object */ = {
			isa = PBXProject;
			attributes = {
				BuildIndependentTargetsInParallel = 1;
				LastSwiftUpdateCheck = 1500;
				LastUpgradeCheck = 1500;
				TargetAttributes = {
					48DDC6C22B79031A00881B0D = {
						CreatedOnToolsVersion = 15.0;
					};
				};
			};
			buildConfigurationList = 48DDC6BE2B79031A00881B0D /* Build configuration list for PBXProject "H4XOR news" */;
			compatibilityVersion = "Xcode 14.0";
			developmentRegion = en;
			hasScannedForEncodings = 0;
			knownRegions = (
				en,
				Base,
			);
			mainGroup = 48DDC6BA2B79031A00881B0D;
			productRefGroup = 48DDC6C42B79031A00881B0D /* Products */;
			projectDirPath = "";
			projectRoot = "";
			targets = (
				48DDC6C22B79031A00881B0D /* H4XOR news */,
			);
		};
/* End PBXProject section */

/* Begin PBXResourcesBuildPhase section */
		48DDC6C12B79031A00881B0D /* Resources */ = {
			isa = PBXResourcesBuildPhase;
			buildActionMask = 2147483647;
			files = (
				48DDC6CE2B79031D00881B0D /* Preview Assets.xcassets in Resources */,
				48DDC6CB2B79031D00881B0D /* Assets.xcassets in Resources */,
			);
			runOnlyForDeploymentPostprocessing = 0;
		};
/* End PBXResourcesBuildPhase section */

/* Begin PBXSourcesBuildPhase section */
		48DDC6BF2B79031A00881B0D /* Sources */ = {
			isa = PBXSourcesBuildPhase;
			buildActionMask = 2147483647;
			files = (
				48AE5AFE2B7A5449005DAA3B /* NetworkManager.swift in Sources */,
				48AE5B002B7A567A005DAA3B /* PostData.swift in Sources */,
				48DDC6C92B79031A00881B0D /* ContentView.swift in Sources */,
				48FE79DF2B804C5D00A60991 /* WebView.swift in Sources */,
				48FE79DD2B80449200A60991 /* DetailView.swift in Sources */,
				48DDC6C72B79031A00881B0D /* H4XOR_newsApp.swift in Sources */,
			);
			runOnlyForDeploymentPostprocessing = 0;
		};
/* End PBXSourcesBuildPhase section */

/* Begin XCBuildConfiguration section */
		48DDC6CF2B79031D00881B0D /* Debug */ = {
			isa = XCBuildConfiguration;
			buildSettings = {
				ALWAYS_SEARCH_USER_PATHS = NO;
				ASSETCATALOG_COMPILER_GENERATE_SWIFT_ASSET_SYMBOL_EXTENSIONS = YES;
				CLANG_ANALYZER_NONNULL = YES;
				CLANG_ANALYZER_NUMBER_OBJECT_CONVERSION = YES_AGGRESSIVE;
				CLANG_CXX_LANGUAGE_STANDARD = "gnu++20";
				CLANG_ENABLE_MODULES = YES;
				CLANG_ENABLE_OBJC_ARC = YES;
				CLANG_ENABLE_OBJC_WEAK = YES;
				CLANG_WARN_BLOCK_CAPTURE_AUTORELEASING = YES;
				CLANG_WARN_BOOL_CONVERSION = YES;
				CLANG_WARN_COMMA = YES;
				CLANG_WARN_CONSTANT_CONVERSION = YES;
				CLANG_WARN_DEPRECATED_OBJC_IMPLEMENTATIONS = YES;
				CLANG_WARN_DIRECT_OBJC_ISA_USAGE = YES_ERROR;
				CLANG_WARN_DOCUMENTATION_COMMENTS = YES;
				CLANG_WARN_EMPTY_BODY = YES;
				CLANG_WARN_ENUM_CONVERSION = YES;
				CLANG_WARN_INFINITE_RECURSION = YES;
				CLANG_WARN_INT_CONVERSION = YES;
				CLANG_WARN_NON_LITERAL_NULL_CONVERSION = YES;
				CLANG_WARN_OBJC_IMPLICIT_RETAIN_SELF = YES;
				CLANG_WARN_OBJC_LITERAL_CONVERSION = YES;
				CLANG_WARN_OBJC_ROOT_CLASS = YES_ERROR;
				CLANG_WARN_QUOTED_INCLUDE_IN_FRAMEWORK_HEADER = YES;
				CLANG_WARN_RANGE_LOOP_ANALYSIS = YES;
				CLANG_WARN_STRICT_PROTOTYPES = YES;
				CLANG_WARN_SUSPICIOUS_MOVE = YES;
				CLANG_WARN_UNGUARDED_AVAILABILITY = YES_AGGRESSIVE;
				CLANG_WARN_UNREACHABLE_CODE = YES;
				CLANG_WARN__DUPLICATE_METHOD_MATCH = YES;
				COPY_PHASE_STRIP = NO;
				DEBUG_INFORMATION_FORMAT = dwarf;
				ENABLE_STRICT_OBJC_MSGSEND = YES;
				ENABLE_TESTABILITY = YES;
				ENABLE_USER_SCRIPT_SANDBOXING = YES;
				GCC_C_LANGUAGE_STANDARD = gnu17;
				GCC_DYNAMIC_NO_PIC = NO;
				GCC_NO_COMMON_BLOCKS = YES;
				GCC_OPTIMIZATION_LEVEL = 0;
				GCC_PREPROCESSOR_DEFINITIONS = (
					"DEBUG=1",
					"$(inherited)",
				);
				GCC_WARN_64_TO_32_BIT_CONVERSION = YES;
				GCC_WARN_ABOUT_RETURN_TYPE = YES_ERROR;
				GCC_WARN_UNDECLARED_SELECTOR = YES;
				GCC_WARN_UNINITIALIZED_AUTOS = YES_AGGRESSIVE;
				GCC_WARN_UNUSED_FUNCTION = YES;
				GCC_WARN_UNUSED_VARIABLE = YES;
				IPHONEOS_DEPLOYMENT_TARGET = 17.0;
				LOCALIZATION_PREFERS_STRING_CATALOGS = YES;
				MTL_ENABLE_DEBUG_INFO = INCLUDE_SOURCE;
				MTL_FAST_MATH = YES;
				ONLY_ACTIVE_ARCH = YES;
				SDKROOT = iphoneos;
				SWIFT_ACTIVE_COMPILATION_CONDITIONS = "DEBUG $(inherited)";
				SWIFT_OPTIMIZATION_LEVEL = "-Onone";
			};
			name = Debug;
		};
		48DDC6D02B79031D00881B0D /* Release */ = {
			isa = XCBuildConfiguration;
			buildSettings = {
				ALWAYS_SEARCH_USER_PATHS = NO;
				ASSETCATALOG_COMPILER_GENERATE_SWIFT_ASSET_SYMBOL_EXTENSIONS = YES;
				CLANG_ANALYZER_NONNULL = YES;
				CLANG_ANALYZER_NUMBER_OBJECT_CONVERSION = YES_AGGRESSIVE;
				CLANG_CXX_LANGUAGE_STANDARD = "gnu++20";
				CLANG_ENABLE_MODULES = YES;
				CLANG_ENABLE_OBJC_ARC = YES;
				CLANG_ENABLE_OBJC_WEAK = YES;
				CLANG_WARN_BLOCK_CAPTURE_AUTORELEASING = YES;
				CLANG_WARN_BOOL_CONVERSION = YES;
				CLANG_WARN_COMMA = YES;
				CLANG_WARN_CONSTANT_CONVERSION = YES;
				CLANG_WARN_DEPRECATED_OBJC_IMPLEMENTATIONS = YES;
				CLANG_WARN_DIRECT_OBJC_ISA_USAGE = YES_ERROR;
				CLANG_WARN_DOCUMENTATION_COMMENTS = YES;
				CLANG_WARN_EMPTY_BODY = YES;
				CLANG_WARN_ENUM_CONVERSION = YES;
				CLANG_WARN_INFINITE_RECURSION = YES;
				CLANG_WARN_INT_CONVERSION = YES;
				CLANG_WARN_NON_LITERAL_NULL_CONVERSION = YES;
				CLANG_WARN_OBJC_IMPLICIT_RETAIN_SELF = YES;
				CLANG_WARN_OBJC_LITERAL_CONVERSION = YES;
				CLANG_WARN_OBJC_ROOT_CLASS = YES_ERROR;
				CLANG_WARN_QUOTED_INCLUDE_IN_FRAMEWORK_HEADER = YES;
				CLANG_WARN_RANGE_LOOP_ANALYSIS = YES;
				CLANG_WARN_STRICT_PROTOTYPES = YES;
				CLANG_WARN_SUSPICIOUS_MOVE = YES;
				CLANG_WARN_UNGUARDED_AVAILABILITY = YES_AGGRESSIVE;
				CLANG_WARN_UNREACHABLE_CODE = YES;
				CLANG_WARN__DUPLICATE_METHOD_MATCH = YES;
				COPY_PHASE_STRIP = NO;
				DEBUG_INFORMATION_FORMAT = "dwarf-with-dsym";
				ENABLE_NS_ASSERTIONS = NO;
				ENABLE_STRICT_OBJC_MSGSEND = YES;
				ENABLE_USER_SCRIPT_SANDBOXING = YES;
				GCC_C_LANGUAGE_STANDARD = gnu17;
				GCC_NO_COMMON_BLOCKS = YES;
				GCC_WARN_64_TO_32_BIT_CONVERSION = YES;
				GCC_WARN_ABOUT_RETURN_TYPE = YES_ERROR;
				GCC_WARN_UNDECLARED_SELECTOR = YES;
				GCC_WARN_UNINITIALIZED_AUTOS = YES_AGGRESSIVE;
				GCC_WARN_UNUSED_FUNCTION = YES;
				GCC_WARN_UNUSED_VARIABLE = YES;
				IPHONEOS_DEPLOYMENT_TARGET = 17.0;
				LOCALIZATION_PREFERS_STRING_CATALOGS = YES;
				MTL_ENABLE_DEBUG_INFO = NO;
				MTL_FAST_MATH = YES;
				SDKROOT = iphoneos;
				SWIFT_COMPILATION_MODE = wholemodule;
				VALIDATE_PRODUCT = YES;
			};
			name = Release;
		};
		48DDC6D22B79031D00881B0D /* Debug */ = {
			isa = XCBuildConfiguration;
			buildSettings = {
				ASSETCATALOG_COMPILER_APPICON_NAME = AppIcon;
				ASSETCATALOG_COMPILER_GLOBAL_ACCENT_COLOR_NAME = AccentColor;
				CODE_SIGN_STYLE = Automatic;
				CURRENT_PROJECT_VERSION = 1;
				DEVELOPMENT_ASSET_PATHS = "\"H4XOR news/Preview Content\"";
				DEVELOPMENT_TEAM = LH38QRJC87;
				ENABLE_PREVIEWS = YES;
				GENERATE_INFOPLIST_FILE = YES;
				INFOPLIST_KEY_UIApplicationSceneManifest_Generation = YES;
				INFOPLIST_KEY_UIApplicationSupportsIndirectInputEvents = YES;
				INFOPLIST_KEY_UILaunchScreen_Generation = YES;
				INFOPLIST_KEY_UIStatusBarStyle = "";
				INFOPLIST_KEY_UISupportedInterfaceOrientations_iPad = "UIInterfaceOrientationPortrait UIInterfaceOrientationPortraitUpsideDown UIInterfaceOrientationLandscapeLeft UIInterfaceOrientationLandscapeRight";
				INFOPLIST_KEY_UISupportedInterfaceOrientations_iPhone = "UIInterfaceOrientationPortrait UIInterfaceOrientationLandscapeLeft UIInterfaceOrientationLandscapeRight";
				LD_RUNPATH_SEARCH_PATHS = (
					"$(inherited)",
					"@executable_path/Frameworks",
				);
				MARKETING_VERSION = 1.0;
				PRODUCT_BUNDLE_IDENTIFIER = "com.macstew.H4XOR-news";
				PRODUCT_NAME = "$(TARGET_NAME)";
				SWIFT_EMIT_LOC_STRINGS = YES;
				SWIFT_VERSION = 5.0;
				TARGETED_DEVICE_FAMILY = "1,2";
			};
			name = Debug;
		};
		48DDC6D32B79031D00881B0D /* Release */ = {
			isa = XCBuildConfiguration;
			buildSettings = {
				ASSETCATALOG_COMPILER_APPICON_NAME = AppIcon;
				ASSETCATALOG_COMPILER_GLOBAL_ACCENT_COLOR_NAME = AccentColor;
				CODE_SIGN_STYLE = Automatic;
				CURRENT_PROJECT_VERSION = 1;
				DEVELOPMENT_ASSET_PATHS = "\"H4XOR news/Preview Content\"";
				DEVELOPMENT_TEAM = LH38QRJC87;
				ENABLE_PREVIEWS = YES;
				GENERATE_INFOPLIST_FILE = YES;
				INFOPLIST_KEY_UIApplicationSceneManifest_Generation = YES;
				INFOPLIST_KEY_UIApplicationSupportsIndirectInputEvents = YES;
				INFOPLIST_KEY_UILaunchScreen_Generation = YES;
				INFOPLIST_KEY_UIStatusBarStyle = "";
				INFOPLIST_KEY_UISupportedInterfaceOrientations_iPad = "UIInterfaceOrientationPortrait UIInterfaceOrientationPortraitUpsideDown UIInterfaceOrientationLandscapeLeft UIInterfaceOrientationLandscapeRight";
				INFOPLIST_KEY_UISupportedInterfaceOrientations_iPhone = "UIInterfaceOrientationPortrait UIInterfaceOrientationLandscapeLeft UIInterfaceOrientationLandscapeRight";
				LD_RUNPATH_SEARCH_PATHS = (
					"$(inherited)",
					"@executable_path/Frameworks",
				);
				MARKETING_VERSION = 1.0;
				PRODUCT_BUNDLE_IDENTIFIER = "com.macstew.H4XOR-news";
				PRODUCT_NAME = "$(TARGET_NAME)";
				SWIFT_EMIT_LOC_STRINGS = YES;
				SWIFT_VERSION = 5.0;
				TARGETED_DEVICE_FAMILY = "1,2";
			};
			name = Release;
		};
/* End XCBuildConfiguration section */

/* Begin XCConfigurationList section */
		48DDC6BE2B79031A00881B0D /* Build configuration list for PBXProject "H4XOR news" */ = {
			isa = XCConfigurationList;
			buildConfigurations = (
				48DDC6CF2B79031D00881B0D /* Debug */,
				48DDC6D02B79031D00881B0D /* Release */,
			);
			defaultConfigurationIsVisible = 0;
			defaultConfigurationName = Release;
		};
		48DDC6D12B79031D00881B0D /* Build configuration list for PBXNativeTarget "H4XOR news" */ = {
			isa = XCConfigurationList;
			buildConfigurations = (
				48DDC6D22B79031D00881B0D /* Debug */,
				48DDC6D32B79031D00881B0D /* Release */,
			);
			defaultConfigurationIsVisible = 0;
			defaultConfigurationName = Release;
		};
/* End XCConfigurationList section */
	};
	rootObject = 48DDC6BB2B79031A00881B0D /* Project object */;
}
